// !$*UTF8*$!
{
	archiveVersion = 1;
	classes = {
	};
	objectVersion = 48;
	objects = {

/* Begin PBXBuildFile section */
		615AFC99D6BF5236E65A2027 /* Pods_Thrift.framework in Frameworks */ = {isa = PBXBuildFile; fileRef = 809542957636954DFAEE6F43 /* Pods_Thrift.framework */; };
		E202C710204469DB00E93709 /* OverviewViewController.swift in Sources */ = {isa = PBXBuildFile; fileRef = E202C70F204469DB00E93709 /* OverviewViewController.swift */; };
		E202C7122044C90500E93709 /* CVCalendarViewController.swift in Sources */ = {isa = PBXBuildFile; fileRef = E202C7112044C90500E93709 /* CVCalendarViewController.swift */; };
		E246335C203C721B00ED33DC /* AppDelegate.swift in Sources */ = {isa = PBXBuildFile; fileRef = E246335B203C721B00ED33DC /* AppDelegate.swift */; };
		E246335E203C721B00ED33DC /* ViewController.swift in Sources */ = {isa = PBXBuildFile; fileRef = E246335D203C721B00ED33DC /* ViewController.swift */; };
		E2463361203C721B00ED33DC /* Main.storyboard in Resources */ = {isa = PBXBuildFile; fileRef = E246335F203C721B00ED33DC /* Main.storyboard */; };
		E2463364203C721B00ED33DC /* Thrift.xcdatamodeld in Sources */ = {isa = PBXBuildFile; fileRef = E2463362203C721B00ED33DC /* Thrift.xcdatamodeld */; };
		E2463366203C721B00ED33DC /* Assets.xcassets in Resources */ = {isa = PBXBuildFile; fileRef = E2463365203C721B00ED33DC /* Assets.xcassets */; };
		E2463369203C721B00ED33DC /* LaunchScreen.storyboard in Resources */ = {isa = PBXBuildFile; fileRef = E2463367203C721B00ED33DC /* LaunchScreen.storyboard */; };
		E2463375203C7AC600ED33DC /* AddItemView.swift in Sources */ = {isa = PBXBuildFile; fileRef = E2463374203C7AC600ED33DC /* AddItemView.swift */; };
		E2986F662040893000766BCA /* CategoriesViewController.swift in Sources */ = {isa = PBXBuildFile; fileRef = E2986F652040893000766BCA /* CategoriesViewController.swift */; };
		E2FF3C45203E5437000A46F7 /* ExpensesViewController.swift in Sources */ = {isa = PBXBuildFile; fileRef = E2FF3C44203E5437000A46F7 /* ExpensesViewController.swift */; };
/* End PBXBuildFile section */

/* Begin PBXFileReference section */
		64A814890C871C37471A0849 /* Pods-Thrift.release.xcconfig */ = {isa = PBXFileReference; includeInIndex = 1; lastKnownFileType = text.xcconfig; name = "Pods-Thrift.release.xcconfig"; path = "Pods/Target Support Files/Pods-Thrift/Pods-Thrift.release.xcconfig"; sourceTree = "<group>"; };
		809542957636954DFAEE6F43 /* Pods_Thrift.framework */ = {isa = PBXFileReference; explicitFileType = wrapper.framework; includeInIndex = 0; path = Pods_Thrift.framework; sourceTree = BUILT_PRODUCTS_DIR; };
		E202C70F204469DB00E93709 /* OverviewViewController.swift */ = {isa = PBXFileReference; lastKnownFileType = sourcecode.swift; path = OverviewViewController.swift; sourceTree = "<group>"; };
		E202C7112044C90500E93709 /* CVCalendarViewController.swift */ = {isa = PBXFileReference; lastKnownFileType = sourcecode.swift; path = CVCalendarViewController.swift; sourceTree = "<group>"; };
		E2463358203C721B00ED33DC /* Thrift.app */ = {isa = PBXFileReference; explicitFileType = wrapper.application; includeInIndex = 0; path = Thrift.app; sourceTree = BUILT_PRODUCTS_DIR; };
		E246335B203C721B00ED33DC /* AppDelegate.swift */ = {isa = PBXFileReference; lastKnownFileType = sourcecode.swift; path = AppDelegate.swift; sourceTree = "<group>"; };
		E246335D203C721B00ED33DC /* ViewController.swift */ = {isa = PBXFileReference; lastKnownFileType = sourcecode.swift; path = ViewController.swift; sourceTree = "<group>"; };
		E2463360203C721B00ED33DC /* Base */ = {isa = PBXFileReference; lastKnownFileType = file.storyboard; name = Base; path = Base.lproj/Main.storyboard; sourceTree = "<group>"; };
		E2463363203C721B00ED33DC /* Thrift.xcdatamodel */ = {isa = PBXFileReference; lastKnownFileType = wrapper.xcdatamodel; path = Thrift.xcdatamodel; sourceTree = "<group>"; };
		E2463365203C721B00ED33DC /* Assets.xcassets */ = {isa = PBXFileReference; lastKnownFileType = folder.assetcatalog; path = Assets.xcassets; sourceTree = "<group>"; };
		E2463368203C721B00ED33DC /* Base */ = {isa = PBXFileReference; lastKnownFileType = file.storyboard; name = Base; path = Base.lproj/LaunchScreen.storyboard; sourceTree = "<group>"; };
		E246336A203C721B00ED33DC /* Info.plist */ = {isa = PBXFileReference; lastKnownFileType = text.plist.xml; path = Info.plist; sourceTree = "<group>"; };
		E2463374203C7AC600ED33DC /* AddItemView.swift */ = {isa = PBXFileReference; lastKnownFileType = sourcecode.swift; path = AddItemView.swift; sourceTree = "<group>"; };
		E2986F652040893000766BCA /* CategoriesViewController.swift */ = {isa = PBXFileReference; lastKnownFileType = sourcecode.swift; path = CategoriesViewController.swift; sourceTree = "<group>"; };
		E2FF3C44203E5437000A46F7 /* ExpensesViewController.swift */ = {isa = PBXFileReference; lastKnownFileType = sourcecode.swift; path = ExpensesViewController.swift; sourceTree = "<group>"; };
		F4B6F4B18DFEA502E59D9C58 /* Pods-Thrift.debug.xcconfig */ = {isa = PBXFileReference; includeInIndex = 1; lastKnownFileType = text.xcconfig; name = "Pods-Thrift.debug.xcconfig"; path = "Pods/Target Support Files/Pods-Thrift/Pods-Thrift.debug.xcconfig"; sourceTree = "<group>"; };
/* End PBXFileReference section */

/* Begin PBXFrameworksBuildPhase section */
		E2463355203C721B00ED33DC /* Frameworks */ = {
			isa = PBXFrameworksBuildPhase;
			buildActionMask = 2147483647;
			files = (
				615AFC99D6BF5236E65A2027 /* Pods_Thrift.framework in Frameworks */,
			);
			runOnlyForDeploymentPostprocessing = 0;
		};
/* End PBXFrameworksBuildPhase section */

/* Begin PBXGroup section */
		CFA7860E7C79C3B56D129B6D /* Frameworks */ = {
			isa = PBXGroup;
			children = (
				809542957636954DFAEE6F43 /* Pods_Thrift.framework */,
			);
			name = Frameworks;
			sourceTree = "<group>";
		};
		E246334F203C721B00ED33DC = {
			isa = PBXGroup;
			children = (
				E246335A203C721B00ED33DC /* Thrift */,
				E2463359203C721B00ED33DC /* Products */,
				FA204BE7B69A0128AA1DC100 /* Pods */,
				CFA7860E7C79C3B56D129B6D /* Frameworks */,
			);
			sourceTree = "<group>";
		};
		E2463359203C721B00ED33DC /* Products */ = {
			isa = PBXGroup;
			children = (
				E2463358203C721B00ED33DC /* Thrift.app */,
			);
			name = Products;
			sourceTree = "<group>";
		};
		E246335A203C721B00ED33DC /* Thrift */ = {
			isa = PBXGroup;
			children = (
				E246335B203C721B00ED33DC /* AppDelegate.swift */,
				E2463371203C73BD00ED33DC /* Controllers */,
				E2463373203C73E700ED33DC /* Data Model */,
				E2463372203C73DA00ED33DC /* Views */,
				E2463370203C73AA00ED33DC /* Supporting Files */,
				E246336A203C721B00ED33DC /* Info.plist */,
			);
			path = Thrift;
			sourceTree = "<group>";
		};
		E2463370203C73AA00ED33DC /* Supporting Files */ = {
			isa = PBXGroup;
			children = (
				E2463365203C721B00ED33DC /* Assets.xcassets */,
				E2463367203C721B00ED33DC /* LaunchScreen.storyboard */,
			);
			path = "Supporting Files";
			sourceTree = "<group>";
		};
		E2463371203C73BD00ED33DC /* Controllers */ = {
			isa = PBXGroup;
			children = (
				E246335D203C721B00ED33DC /* ViewController.swift */,
				E2463374203C7AC600ED33DC /* AddItemView.swift */,
				E2FF3C44203E5437000A46F7 /* ExpensesViewController.swift */,
				E2986F652040893000766BCA /* CategoriesViewController.swift */,
				E202C70F204469DB00E93709 /* OverviewViewController.swift */,
				E202C7112044C90500E93709 /* CVCalendarViewController.swift */,
			);
			path = Controllers;
			sourceTree = "<group>";
		};
		E2463372203C73DA00ED33DC /* Views */ = {
			isa = PBXGroup;
			children = (
				E246335F203C721B00ED33DC /* Main.storyboard */,
			);
			path = Views;
			sourceTree = "<group>";
		};
		E2463373203C73E700ED33DC /* Data Model */ = {
			isa = PBXGroup;
			children = (
				E2463362203C721B00ED33DC /* Thrift.xcdatamodeld */,
			);
			path = "Data Model";
			sourceTree = "<group>";
		};
		FA204BE7B69A0128AA1DC100 /* Pods */ = {
			isa = PBXGroup;
			children = (
				F4B6F4B18DFEA502E59D9C58 /* Pods-Thrift.debug.xcconfig */,
				64A814890C871C37471A0849 /* Pods-Thrift.release.xcconfig */,
			);
			name = Pods;
			sourceTree = "<group>";
		};
/* End PBXGroup section */

/* Begin PBXNativeTarget section */
		E2463357203C721B00ED33DC /* Thrift */ = {
			isa = PBXNativeTarget;
			buildConfigurationList = E246336D203C721B00ED33DC /* Build configuration list for PBXNativeTarget "Thrift" */;
			buildPhases = (
				A81949E5DDA7756E56056176 /* [CP] Check Pods Manifest.lock */,
				E2463354203C721B00ED33DC /* Sources */,
				E2463355203C721B00ED33DC /* Frameworks */,
				E2463356203C721B00ED33DC /* Resources */,
				65B7976B2BC7144B22B5390B /* [CP] Embed Pods Frameworks */,
				1F71AFAFB02F8667B7A41874 /* [CP] Copy Pods Resources */,
			);
			buildRules = (
			);
			dependencies = (
			);
			name = Thrift;
			productName = Thrift;
			productReference = E2463358203C721B00ED33DC /* Thrift.app */;
			productType = "com.apple.product-type.application";
		};
/* End PBXNativeTarget section */

/* Begin PBXProject section */
		E2463350203C721B00ED33DC /* Project object */ = {
			isa = PBXProject;
			attributes = {
				LastSwiftUpdateCheck = 0910;
				LastUpgradeCheck = 0910;
				ORGANIZATIONNAME = "Jervin Cruz";
				TargetAttributes = {
					E2463357203C721B00ED33DC = {
						CreatedOnToolsVersion = 9.1;
						ProvisioningStyle = Automatic;
					};
				};
			};
			buildConfigurationList = E2463353203C721B00ED33DC /* Build configuration list for PBXProject "Thrift" */;
			compatibilityVersion = "Xcode 8.0";
			developmentRegion = en;
			hasScannedForEncodings = 0;
			knownRegions = (
				en,
				Base,
			);
			mainGroup = E246334F203C721B00ED33DC;
			productRefGroup = E2463359203C721B00ED33DC /* Products */;
			projectDirPath = "";
			projectRoot = "";
			targets = (
				E2463357203C721B00ED33DC /* Thrift */,
			);
		};
/* End PBXProject section */

/* Begin PBXResourcesBuildPhase section */
		E2463356203C721B00ED33DC /* Resources */ = {
			isa = PBXResourcesBuildPhase;
			buildActionMask = 2147483647;
			files = (
				E2463369203C721B00ED33DC /* LaunchScreen.storyboard in Resources */,
				E2463366203C721B00ED33DC /* Assets.xcassets in Resources */,
				E2463361203C721B00ED33DC /* Main.storyboard in Resources */,
			);
			runOnlyForDeploymentPostprocessing = 0;
		};
/* End PBXResourcesBuildPhase section */

/* Begin PBXShellScriptBuildPhase section */
		1F71AFAFB02F8667B7A41874 /* [CP] Copy Pods Resources */ = {
			isa = PBXShellScriptBuildPhase;
			buildActionMask = 2147483647;
			files = (
			);
			inputPaths = (
			);
			name = "[CP] Copy Pods Resources";
			outputPaths = (
			);
			runOnlyForDeploymentPostprocessing = 0;
			shellPath = /bin/sh;
			shellScript = "\"${SRCROOT}/Pods/Target Support Files/Pods-Thrift/Pods-Thrift-resources.sh\"\n";
			showEnvVarsInLog = 0;
		};
		65B7976B2BC7144B22B5390B /* [CP] Embed Pods Frameworks */ = {
			isa = PBXShellScriptBuildPhase;
			buildActionMask = 2147483647;
			files = (
			);
			inputPaths = (
				"${SRCROOT}/Pods/Target Support Files/Pods-Thrift/Pods-Thrift-frameworks.sh",
				"${BUILT_PRODUCTS_DIR}/CVCalendar/CVCalendar.framework",
				"${BUILT_PRODUCTS_DIR}/Charts/Charts.framework",
				"${BUILT_PRODUCTS_DIR}/CircleProgressView/CircleProgressView.framework",
			);
			name = "[CP] Embed Pods Frameworks";
			outputPaths = (
				"${TARGET_BUILD_DIR}/${FRAMEWORKS_FOLDER_PATH}/CVCalendar.framework",
				"${TARGET_BUILD_DIR}/${FRAMEWORKS_FOLDER_PATH}/Charts.framework",
				"${TARGET_BUILD_DIR}/${FRAMEWORKS_FOLDER_PATH}/CircleProgressView.framework",
			);
			runOnlyForDeploymentPostprocessing = 0;
			shellPath = /bin/sh;
			shellScript = "\"${SRCROOT}/Pods/Target Support Files/Pods-Thrift/Pods-Thrift-frameworks.sh\"\n";
			showEnvVarsInLog = 0;
		};
		A81949E5DDA7756E56056176 /* [CP] Check Pods Manifest.lock */ = {
			isa = PBXShellScriptBuildPhase;
			buildActionMask = 2147483647;
			files = (
			);
			inputPaths = (
				"${PODS_PODFILE_DIR_PATH}/Podfile.lock",
				"${PODS_ROOT}/Manifest.lock",
			);
			name = "[CP] Check Pods Manifest.lock";
			outputPaths = (
				"$(DERIVED_FILE_DIR)/Pods-Thrift-checkManifestLockResult.txt",
			);
			runOnlyForDeploymentPostprocessing = 0;
			shellPath = /bin/sh;
			shellScript = "diff \"${PODS_PODFILE_DIR_PATH}/Podfile.lock\" \"${PODS_ROOT}/Manifest.lock\" > /dev/null\nif [ $? != 0 ] ; then\n    # print error to STDERR\n    echo \"error: The sandbox is not in sync with the Podfile.lock. Run 'pod install' or update your CocoaPods installation.\" >&2\n    exit 1\nfi\n# This output is used by Xcode 'outputs' to avoid re-running this script phase.\necho \"SUCCESS\" > \"${SCRIPT_OUTPUT_FILE_0}\"\n";
			showEnvVarsInLog = 0;
		};
/* End PBXShellScriptBuildPhase section */

/* Begin PBXSourcesBuildPhase section */
		E2463354203C721B00ED33DC /* Sources */ = {
			isa = PBXSourcesBuildPhase;
			buildActionMask = 2147483647;
			files = (
				E2463364203C721B00ED33DC /* Thrift.xcdatamodeld in Sources */,
				E246335E203C721B00ED33DC /* ViewController.swift in Sources */,
				E202C710204469DB00E93709 /* OverviewViewController.swift in Sources */,
				E202C7122044C90500E93709 /* CVCalendarViewController.swift in Sources */,
				E2986F662040893000766BCA /* CategoriesViewController.swift in Sources */,
				E246335C203C721B00ED33DC /* AppDelegate.swift in Sources */,
				E2FF3C45203E5437000A46F7 /* ExpensesViewController.swift in Sources */,
				E2463375203C7AC600ED33DC /* AddItemView.swift in Sources */,
			);
			runOnlyForDeploymentPostprocessing = 0;
		};
/* End PBXSourcesBuildPhase section */

/* Begin PBXVariantGroup section */
		E246335F203C721B00ED33DC /* Main.storyboard */ = {
			isa = PBXVariantGroup;
			children = (
				E2463360203C721B00ED33DC /* Base */,
			);
			name = Main.storyboard;
			sourceTree = "<group>";
		};
		E2463367203C721B00ED33DC /* LaunchScreen.storyboard */ = {
			isa = PBXVariantGroup;
			children = (
				E2463368203C721B00ED33DC /* Base */,
			);
			name = LaunchScreen.storyboard;
			sourceTree = "<group>";
		};
/* End PBXVariantGroup section */

/* Begin XCBuildConfiguration section */
		E246336B203C721B00ED33DC /* Debug */ = {
			isa = XCBuildConfiguration;
			buildSettings = {
				ALWAYS_SEARCH_USER_PATHS = NO;
				CLANG_ANALYZER_NONNULL = YES;
				CLANG_ANALYZER_NUMBER_OBJECT_CONVERSION = YES_AGGRESSIVE;
				CLANG_CXX_LANGUAGE_STANDARD = "gnu++14";
				CLANG_CXX_LIBRARY = "libc++";
				CLANG_ENABLE_MODULES = YES;
				CLANG_ENABLE_OBJC_ARC = YES;
				CLANG_WARN_BLOCK_CAPTURE_AUTORELEASING = YES;
				CLANG_WARN_BOOL_CONVERSION = YES;
				CLANG_WARN_COMMA = YES;
				CLANG_WARN_CONSTANT_CONVERSION = YES;
				CLANG_WARN_DIRECT_OBJC_ISA_USAGE = YES_ERROR;
				CLANG_WARN_DOCUMENTATION_COMMENTS = YES;
				CLANG_WARN_EMPTY_BODY = YES;
				CLANG_WARN_ENUM_CONVERSION = YES;
				CLANG_WARN_INFINITE_RECURSION = YES;
				CLANG_WARN_INT_CONVERSION = YES;
				CLANG_WARN_NON_LITERAL_NULL_CONVERSION = YES;
				CLANG_WARN_OBJC_LITERAL_CONVERSION = YES;
				CLANG_WARN_OBJC_ROOT_CLASS = YES_ERROR;
				CLANG_WARN_RANGE_LOOP_ANALYSIS = YES;
				CLANG_WARN_STRICT_PROTOTYPES = YES;
				CLANG_WARN_SUSPICIOUS_MOVE = YES;
				CLANG_WARN_UNGUARDED_AVAILABILITY = YES_AGGRESSIVE;
				CLANG_WARN_UNREACHABLE_CODE = YES;
				CLANG_WARN__DUPLICATE_METHOD_MATCH = YES;
				CODE_SIGN_IDENTITY = "iPhone Developer";
				COPY_PHASE_STRIP = NO;
				DEBUG_INFORMATION_FORMAT = dwarf;
				ENABLE_STRICT_OBJC_MSGSEND = YES;
				ENABLE_TESTABILITY = YES;
				GCC_C_LANGUAGE_STANDARD = gnu11;
				GCC_DYNAMIC_NO_PIC = NO;
				GCC_NO_COMMON_BLOCKS = YES;
				GCC_OPTIMIZATION_LEVEL = 0;
				GCC_PREPROCESSOR_DEFINITIONS = (
					"DEBUG=1",
					"$(inherited)",
				);
				GCC_WARN_64_TO_32_BIT_CONVERSION = YES;
				GCC_WARN_ABOUT_RETURN_TYPE = YES_ERROR;
				GCC_WARN_UNDECLARED_SELECTOR = YES;
				GCC_WARN_UNINITIALIZED_AUTOS = YES_AGGRESSIVE;
				GCC_WARN_UNUSED_FUNCTION = YES;
				GCC_WARN_UNUSED_VARIABLE = YES;
				IPHONEOS_DEPLOYMENT_TARGET = 11.1;
				MTL_ENABLE_DEBUG_INFO = YES;
				ONLY_ACTIVE_ARCH = YES;
				SDKROOT = iphoneos;
				SWIFT_ACTIVE_COMPILATION_CONDITIONS = DEBUG;
				SWIFT_OPTIMIZATION_LEVEL = "-Onone";
			};
			name = Debug;
		};
		E246336C203C721B00ED33DC /* Release */ = {
			isa = XCBuildConfiguration;
			buildSettings = {
				ALWAYS_SEARCH_USER_PATHS = NO;
				CLANG_ANALYZER_NONNULL = YES;
				CLANG_ANALYZER_NUMBER_OBJECT_CONVERSION = YES_AGGRESSIVE;
				CLANG_CXX_LANGUAGE_STANDARD = "gnu++14";
				CLANG_CXX_LIBRARY = "libc++";
				CLANG_ENABLE_MODULES = YES;
				CLANG_ENABLE_OBJC_ARC = YES;
				CLANG_WARN_BLOCK_CAPTURE_AUTORELEASING = YES;
				CLANG_WARN_BOOL_CONVERSION = YES;
				CLANG_WARN_COMMA = YES;
				CLANG_WARN_CONSTANT_CONVERSION = YES;
				CLANG_WARN_DIRECT_OBJC_ISA_USAGE = YES_ERROR;
				CLANG_WARN_DOCUMENTATION_COMMENTS = YES;
				CLANG_WARN_EMPTY_BODY = YES;
				CLANG_WARN_ENUM_CONVERSION = YES;
				CLANG_WARN_INFINITE_RECURSION = YES;
				CLANG_WARN_INT_CONVERSION = YES;
				CLANG_WARN_NON_LITERAL_NULL_CONVERSION = YES;
				CLANG_WARN_OBJC_LITERAL_CONVERSION = YES;
				CLANG_WARN_OBJC_ROOT_CLASS = YES_ERROR;
				CLANG_WARN_RANGE_LOOP_ANALYSIS = YES;
				CLANG_WARN_STRICT_PROTOTYPES = YES;
				CLANG_WARN_SUSPICIOUS_MOVE = YES;
				CLANG_WARN_UNGUARDED_AVAILABILITY = YES_AGGRESSIVE;
				CLANG_WARN_UNREACHABLE_CODE = YES;
				CLANG_WARN__DUPLICATE_METHOD_MATCH = YES;
				CODE_SIGN_IDENTITY = "iPhone Developer";
				COPY_PHASE_STRIP = NO;
				DEBUG_INFORMATION_FORMAT = "dwarf-with-dsym";
				ENABLE_NS_ASSERTIONS = NO;
				ENABLE_STRICT_OBJC_MSGSEND = YES;
				GCC_C_LANGUAGE_STANDARD = gnu11;
				GCC_NO_COMMON_BLOCKS = YES;
				GCC_WARN_64_TO_32_BIT_CONVERSION = YES;
				GCC_WARN_ABOUT_RETURN_TYPE = YES_ERROR;
				GCC_WARN_UNDECLARED_SELECTOR = YES;
				GCC_WARN_UNINITIALIZED_AUTOS = YES_AGGRESSIVE;
				GCC_WARN_UNUSED_FUNCTION = YES;
				GCC_WARN_UNUSED_VARIABLE = YES;
				IPHONEOS_DEPLOYMENT_TARGET = 11.1;
				MTL_ENABLE_DEBUG_INFO = NO;
				SDKROOT = iphoneos;
				SWIFT_OPTIMIZATION_LEVEL = "-Owholemodule";
				VALIDATE_PRODUCT = YES;
			};
			name = Release;
		};
		E246336E203C721B00ED33DC /* Debug */ = {
			isa = XCBuildConfiguration;
			baseConfigurationReference = F4B6F4B18DFEA502E59D9C58 /* Pods-Thrift.debug.xcconfig */;
			buildSettings = {
				ASSETCATALOG_COMPILER_APPICON_NAME = AppIcon;
				CODE_SIGN_STYLE = Automatic;
				DEVELOPMENT_TEAM = GW9Z5L69PN;
				INFOPLIST_FILE = Thrift/Info.plist;
				LD_RUNPATH_SEARCH_PATHS = "$(inherited) @executable_path/Frameworks";
				PRODUCT_BUNDLE_IDENTIFIER = com.jervincruz.Thrift;
				PRODUCT_NAME = "$(TARGET_NAME)";
				SWIFT_VERSION = 4.0;
				TARGETED_DEVICE_FAMILY = "1,2";
			};
			name = Debug;
		};
		E246336F203C721B00ED33DC /* Release */ = {
			isa = XCBuildConfiguration;
			baseConfigurationReference = 64A814890C871C37471A0849 /* Pods-Thrift.release.xcconfig */;
			buildSettings = {
				ASSETCATALOG_COMPILER_APPICON_NAME = AppIcon;
				CODE_SIGN_STYLE = Automatic;
				DEVELOPMENT_TEAM = GW9Z5L69PN;
				INFOPLIST_FILE = Thrift/Info.plist;
				LD_RUNPATH_SEARCH_PATHS = "$(inherited) @executable_path/Frameworks";
				PRODUCT_BUNDLE_IDENTIFIER = com.jervincruz.Thrift;
				PRODUCT_NAME = "$(TARGET_NAME)";
				SWIFT_VERSION = 4.0;
				TARGETED_DEVICE_FAMILY = "1,2";
			};
			name = Release;
		};
/* End XCBuildConfiguration section */

/* Begin XCConfigurationList section */
		E2463353203C721B00ED33DC /* Build configuration list for PBXProject "Thrift" */ = {
			isa = XCConfigurationList;
			buildConfigurations = (
				E246336B203C721B00ED33DC /* Debug */,
				E246336C203C721B00ED33DC /* Release */,
			);
			defaultConfigurationIsVisible = 0;
			defaultConfigurationName = Release;
		};
		E246336D203C721B00ED33DC /* Build configuration list for PBXNativeTarget "Thrift" */ = {
			isa = XCConfigurationList;
			buildConfigurations = (
				E246336E203C721B00ED33DC /* Debug */,
				E246336F203C721B00ED33DC /* Release */,
			);
			defaultConfigurationIsVisible = 0;
			defaultConfigurationName = Release;
		};
/* End XCConfigurationList section */

/* Begin XCVersionGroup section */
		E2463362203C721B00ED33DC /* Thrift.xcdatamodeld */ = {
			isa = XCVersionGroup;
			children = (
				E2463363203C721B00ED33DC /* Thrift.xcdatamodel */,
			);
			currentVersion = E2463363203C721B00ED33DC /* Thrift.xcdatamodel */;
			path = Thrift.xcdatamodeld;
			sourceTree = "<group>";
			versionGroupType = wrapper.xcdatamodel;
		};
/* End XCVersionGroup section */
	};
	rootObject = E2463350203C721B00ED33DC /* Project object */;
}
